
Microsoft Visual Studio Solution File, Format Version 12.00
# Visual Studio 2013
VisualStudioVersion = 12.0.31101.0
MinimumVisualStudioVersion = 10.0.40219.1
Project("{FAE04EC0-301F-11D3-BF4B-00C04F79EFBC}") = "Hudai", "Hudai\Hudai.csproj", "{4584C981-908A-4F13-B0CB-6A1B1F180689}"
EndProject
Project("{FAE04EC0-301F-11D3-BF4B-00C04F79EFBC}") = "ClientSide", "ClientSide\ClientSide.csproj", "{5C6BADD8-B830-40ED-90C3-6FF65500931C}"
EndProject
Global
	GlobalSection(SolutionConfigurationPlatforms) = preSolution
		Debug|Any CPU = Debug|Any CPU
		Release|Any CPU = Release|Any CPU
	EndGlobalSection
	GlobalSection(ProjectConfigurationPlatforms) = postSolution
		{4584C981-908A-4F13-B0CB-6A1B1F180689}.Debug|Any CPU.ActiveCfg = Debug|Any CPU
		{4584C981-908A-4F13-B0CB-6A1B1F180689}.Debug|Any CPU.Build.0 = Debug|Any CPU
		{4584C981-908A-4F13-B0CB-6A1B1F180689}.Release|Any CPU.ActiveCfg = Release|Any CPU
		{4584C981-908A-4F13-B0CB-6A1B1F180689}.Release|Any CPU.Build.0 = Release|Any CPU
		{5C6BADD8-B830-40ED-90C3-6FF65500931C}.Debug|Any CPU.ActiveCfg = Debug|Any CPU
		{5C6BADD8-B830-40ED-90C3-6FF65500931C}.Debug|Any CPU.Build.0 = Debug|Any CPU
		{5C6BADD8-B830-40ED-90C3-6FF65500931C}.Release|Any CPU.ActiveCfg = Release|Any CPU
		{5C6BADD8-B830-40ED-90C3-6FF65500931C}.Release|Any CPU.Build.0 = Release|Any CPU
	EndGlobalSection
	GlobalSection(SolutionProperties) = preSolution
		HideSolutionNode = FALSE
	EndGlobalSection
EndGlobal
